<?xml version="1.0" encoding="utf-8"?>
<Project ToolsVersion="17.0" xmlns="http://schemas.microsoft.com/developer/msbuild/2003">
  <ItemGroup>
    <ClCompile Include="source\arap_precompute.cpp" />
    <ClCompile Include="source\arap_single_iteration.cpp" />
    <ClCompile Include="source\biharmonic_precompute.cpp" />
    <ClCompile Include="source\biharmonic_solve.cpp" />
  </ItemGroup>
  <ItemGroup>
    <Filter Include="Source Files">
      <UniqueIdentifier>{7E6BB16E-8C6D-3980-B54C-52B6F74081EC}</UniqueIdentifier>
    </Filter>
  </ItemGroup>
  <ItemGroup>
    <ClInclude Include="include\algorithm.h" />
  </ItemGroup>
</Project>